PODS:
  - Bolts (1.1.3)
  - CMBReactiveSocial (0.1.0):
    - CMBReactiveSocial/All
    - ReactiveCocoa
  - CMBReactiveSocial/All (0.1.0):
    - CMBReactiveSocial/Facebook
    - CMBReactiveSocial/Google
    - CMBReactiveSocial/System
    - CMBReactiveSocial/Twitter
    - ReactiveCocoa
  - CMBReactiveSocial/Facebook (0.1.0):
    - Facebook-iOS-SDK
    - ReactiveCocoa
  - CMBReactiveSocial/Google (0.1.0):
    - ReactiveCocoa
  - CMBReactiveSocial/System (0.1.0):
    - ReactiveCocoa
  - CMBReactiveSocial/Twitter (0.1.0):
    - ReactiveCocoa
  - Facebook-iOS-SDK (3.21.1):
    - Bolts (~> 1.0)
  - ReactiveCocoa (2.3.1):
    - ReactiveCocoa/UI
  - ReactiveCocoa/Core (2.3.1):
    - ReactiveCocoa/no-arc
  - ReactiveCocoa/no-arc (2.3.1)
  - ReactiveCocoa/UI (2.3.1):
    - ReactiveCocoa/Core

DEPENDENCIES:
  - CMBReactiveSocial (from `../CMBReactiveSocial.podspec`)

EXTERNAL SOURCES:
  CMBReactiveSocial:
    :path: ../CMBReactiveSocial.podspec

SPEC CHECKSUMS:
  Bolts: 3db0a875235e0c9042b013af13af0f00f79b102c
  CMBReactiveSocial: b2cdb297dd91197a4164978e619ff2ebb31db3a9
  Facebook-iOS-SDK: 18c26e86ab25c17854a2ee2a8f60562099c6600f
  ReactiveCocoa: dca75777b9d18990c8714a3a6f2149f29b4d1462

COCOAPODS: 0.34.4
